lockfileVersion: '6.0'

settings:
  autoInstallPeers: true
  excludeLinksFromLockfile: false

dependencies:
  wj-demo2:
    specifier: ^1.1.3
    version: 1.1.3

packages:

  /tslib@2.3.0:
    resolution: {integrity: sha512-N82ooyxVNm6h1riLCoyS9e3fuJ3AMG2zIZs2Gd1ATcSFjSA23Q0fzjjZeh0jbJvWVDZ0cJT8yaNNaaXHzueNjg==}
    dev: false

  /wj-demo2@1.1.3:
    resolution: {integrity: sha512-RMQouNbQLCXMGRMg8CU93Uqh76YDjjQUatfmuctFdNMbVexy1W03I1DLKv/n7SoafbX5lZ8c6ZVB7Pf76ak7iA==}
    dependencies:
      zrender: 5.4.4
    dev: false

  /zrender@5.4.4:
    resolution: {integrity: sha512-0VxCNJ7AGOMCWeHVyTrGzUgrK4asT4ml9PEkeGirAkKNYXYzoPJCLvmyfdoOXcjTHPs10OZVMfD1Rwg16AZyYw==}
    dependencies:
      tslib: 2.3.0
    dev: false